
Microsoft Visual Studio Solution File, Format Version 12.00
# Visual Studio Version 16
VisualStudioVersion = 16.0.30204.135
MinimumVisualStudioVersion = 10.0.40219.1
Project("{FAE04EC0-301F-11D3-BF4B-00C04F79EFBC}") = "AppOfficina.Android", "AppOfficina\Android\AppOfficina.Android.csproj", "{32875967-3832-46A4-8829-7980261F2233}"
EndProject
Project("{9A19103F-16F7-4668-BE54-9A1E7A4F7556}") = "AppOfficina.Portable", "AppOfficina\Portable\AppOfficina.Portable.csproj", "{31767AA4-7D2F-484A-97B3-CE35CA0346F5}"
EndProject
Global
	GlobalSection(SolutionConfigurationPlatforms) = preSolution
		Debug|Any CPU = Debug|Any CPU
		Release|Any CPU = Release|Any CPU
	EndGlobalSection
	GlobalSection(ProjectConfigurationPlatforms) = postSolution
		{32875967-3832-46A4-8829-7980261F2233}.Debug|Any CPU.ActiveCfg = Debug|Any CPU
		{32875967-3832-46A4-8829-7980261F2233}.Debug|Any CPU.Build.0 = Debug|Any CPU
		{32875967-3832-46A4-8829-7980261F2233}.Debug|Any CPU.Deploy.0 = Debug|Any CPU
		{32875967-3832-46A4-8829-7980261F2233}.Release|Any CPU.ActiveCfg = Release|Any CPU
		{32875967-3832-46A4-8829-7980261F2233}.Release|Any CPU.Build.0 = Release|Any CPU
		{32875967-3832-46A4-8829-7980261F2233}.Release|Any CPU.Deploy.0 = Release|Any CPU
		{31767AA4-7D2F-484A-97B3-CE35CA0346F5}.Debug|Any CPU.ActiveCfg = Debug|Any CPU
		{31767AA4-7D2F-484A-97B3-CE35CA0346F5}.Debug|Any CPU.Build.0 = Debug|Any CPU
		{31767AA4-7D2F-484A-97B3-CE35CA0346F5}.Release|Any CPU.ActiveCfg = Release|Any CPU
		{31767AA4-7D2F-484A-97B3-CE35CA0346F5}.Release|Any CPU.Build.0 = Release|Any CPU
	EndGlobalSection
	GlobalSection(SolutionProperties) = preSolution
		HideSolutionNode = FALSE
	EndGlobalSection
	GlobalSection(ExtensibilityGlobals) = postSolution
		SolutionGuid = {9BEAF696-8508-49FE-8C80-62B93EC3802E}
	EndGlobalSection
	GlobalSection(TeamFoundationVersionControl) = preSolution
		SccNumberOfProjects = 3
		SccEnterpriseProvider = {4CA58AB2-18FA-4F8D-95D4-32DDF27D184C}
		SccTeamFoundationServer = http://172.31.1.103:8080/tfs/eurogedcollection
		SccLocalPath0 = .
		SccProjectUniqueName1 = AppOfficina\\Portable\\AppOfficina.Portable.csproj
		SccProjectName1 = AppOfficina/Portable
		SccLocalPath1 = AppOfficina\\Portable
		SccProjectUniqueName2 = AppOfficina\\Android\\AppOfficina.Android.csproj
		SccProjectName2 = AppOfficina/Android
		SccLocalPath2 = AppOfficina\\Android
	EndGlobalSection
EndGlobal
